
Microsoft Visual Studio Solution File, Format Version 12.00
# Visual Studio Version 17
VisualStudioVersion = 17.9.34622.214
MinimumVisualStudioVersion = 10.0.40219.1
Project("{FAE04EC0-301F-11D3-BF4B-00C04F79EFBC}") = "Project  Poona Hospital", "Project  Poona Hospital\Project  Poona Hospital.csproj", "{589E04F6-D0A2-4E0E-8959-7744DA972332}"
EndProject
Global
	GlobalSection(SolutionConfigurationPlatforms) = preSolution
		Debug|Any CPU = Debug|Any CPU
		Release|Any CPU = Release|Any CPU
	EndGlobalSection
	GlobalSection(ProjectConfigurationPlatforms) = postSolution
		{589E04F6-D0A2-4E0E-8959-7744DA972332}.Debug|Any CPU.ActiveCfg = Debug|Any CPU
		{589E04F6-D0A2-4E0E-8959-7744DA972332}.Debug|Any CPU.Build.0 = Debug|Any CPU
		{589E04F6-D0A2-4E0E-8959-7744DA972332}.Release|Any CPU.ActiveCfg = Release|Any CPU
		{589E04F6-D0A2-4E0E-8959-7744DA972332}.Release|Any CPU.Build.0 = Release|Any CPU
	EndGlobalSection
	GlobalSection(SolutionProperties) = preSolution
		HideSolutionNode = FALSE
	EndGlobalSection
	GlobalSection(ExtensibilityGlobals) = postSolution
		SolutionGuid = {A3F34C98-4123-4605-9986-1B8F0C0216DD}
	EndGlobalSection
EndGlobal
